
Microsoft Visual Studio Solution File, Format Version 12.00
# Visual Studio 15
Project("{FAE04EC0-301F-11D3-BF4B-00C04F79EFBC}") = "PrimeNumbersQuiz", "PrimeNumbersQuiz\PrimeNumbersQuiz.csproj", "{7FA8CF59-C01A-4D70-A9D3-227E42102F51}"
EndProject
Project("{FAE04EC0-301F-11D3-BF4B-00C04F79EFBC}") = "PrimeNumbersQuiz.Tests", "PrimeNumbersQuiz.Tests\PrimeNumbersQuiz.Tests.csproj", "{179605AA-E161-431B-A0DE-A4A7386B0700}"
EndProject
Global
	GlobalSection(SolutionConfigurationPlatforms) = preSolution
		Debug|Any CPU = Debug|Any CPU
		Release|Any CPU = Release|Any CPU
	EndGlobalSection
	GlobalSection(ProjectConfigurationPlatforms) = postSolution
		{7FA8CF59-C01A-4D70-A9D3-227E42102F51}.Debug|Any CPU.ActiveCfg = Debug|Any CPU
		{7FA8CF59-C01A-4D70-A9D3-227E42102F51}.Debug|Any CPU.Build.0 = Debug|Any CPU
		{7FA8CF59-C01A-4D70-A9D3-227E42102F51}.Release|Any CPU.ActiveCfg = Release|Any CPU
		{7FA8CF59-C01A-4D70-A9D3-227E42102F51}.Release|Any CPU.Build.0 = Release|Any CPU
		{179605AA-E161-431B-A0DE-A4A7386B0700}.Debug|Any CPU.ActiveCfg = Debug|Any CPU
		{179605AA-E161-431B-A0DE-A4A7386B0700}.Debug|Any CPU.Build.0 = Debug|Any CPU
		{179605AA-E161-431B-A0DE-A4A7386B0700}.Release|Any CPU.ActiveCfg = Release|Any CPU
		{179605AA-E161-431B-A0DE-A4A7386B0700}.Release|Any CPU.Build.0 = Release|Any CPU
	EndGlobalSection
EndGlobal
